// !$*UTF8*$!
{
	archiveVersion = 1;
	classes = {
	};
	objectVersion = 50;
	objects = {

/* Begin PBXBuildFile section */
		420B6D2920F88E8E00E178F5 /* colorPickerTableViewController.swift in Sources */ = {isa = PBXBuildFile; fileRef = 420B6D2820F88E8E00E178F5 /* colorPickerTableViewController.swift */; };
		42514CEE20F5D5BF00C60894 /* AppDelegate.swift in Sources */ = {isa = PBXBuildFile; fileRef = 42514CED20F5D5BF00C60894 /* AppDelegate.swift */; };
		42514CF020F5D5BF00C60894 /* ViewController.swift in Sources */ = {isa = PBXBuildFile; fileRef = 42514CEF20F5D5BF00C60894 /* ViewController.swift */; };
		42514CF320F5D5BF00C60894 /* Main.storyboard in Resources */ = {isa = PBXBuildFile; fileRef = 42514CF120F5D5BF00C60894 /* Main.storyboard */; };
		42514CF520F5D5C000C60894 /* Assets.xcassets in Resources */ = {isa = PBXBuildFile; fileRef = 42514CF420F5D5C000C60894 /* Assets.xcassets */; };
		42514CF820F5D5C000C60894 /* LaunchScreen.storyboard in Resources */ = {isa = PBXBuildFile; fileRef = 42514CF620F5D5C000C60894 /* LaunchScreen.storyboard */; };
		42E24F7020F899EB00CE3EFF /* fontPickerTableViewController.swift in Sources */ = {isa = PBXBuildFile; fileRef = 42E24F6F20F899EB00CE3EFF /* fontPickerTableViewController.swift */; };
		A5493B6232E9EB66779FC00D /* Pods_KAppStoreFeedbackExample.framework in Frameworks */ = {isa = PBXBuildFile; fileRef = 595B08600B42C87DA056C066 /* Pods_KAppStoreFeedbackExample.framework */; };
/* End PBXBuildFile section */

/* Begin PBXFileReference section */
		420B6D2820F88E8E00E178F5 /* colorPickerTableViewController.swift */ = {isa = PBXFileReference; lastKnownFileType = sourcecode.swift; path = colorPickerTableViewController.swift; sourceTree = "<group>"; };
		42514CEA20F5D5BF00C60894 /* KAppStoreFeedbackExample.app */ = {isa = PBXFileReference; explicitFileType = wrapper.application; includeInIndex = 0; path = KAppStoreFeedbackExample.app; sourceTree = BUILT_PRODUCTS_DIR; };
		42514CED20F5D5BF00C60894 /* AppDelegate.swift */ = {isa = PBXFileReference; lastKnownFileType = sourcecode.swift; path = AppDelegate.swift; sourceTree = "<group>"; };
		42514CEF20F5D5BF00C60894 /* ViewController.swift */ = {isa = PBXFileReference; lastKnownFileType = sourcecode.swift; path = ViewController.swift; sourceTree = "<group>"; };
		42514CF220F5D5BF00C60894 /* Base */ = {isa = PBXFileReference; lastKnownFileType = file.storyboard; name = Base; path = Base.lproj/Main.storyboard; sourceTree = "<group>"; };
		42514CF420F5D5C000C60894 /* Assets.xcassets */ = {isa = PBXFileReference; lastKnownFileType = folder.assetcatalog; path = Assets.xcassets; sourceTree = "<group>"; };
		42514CF720F5D5C000C60894 /* Base */ = {isa = PBXFileReference; lastKnownFileType = file.storyboard; name = Base; path = Base.lproj/LaunchScreen.storyboard; sourceTree = "<group>"; };
		42514CF920F5D5C000C60894 /* Info.plist */ = {isa = PBXFileReference; lastKnownFileType = text.plist.xml; path = Info.plist; sourceTree = "<group>"; };
		42E24F6F20F899EB00CE3EFF /* fontPickerTableViewController.swift */ = {isa = PBXFileReference; lastKnownFileType = sourcecode.swift; path = fontPickerTableViewController.swift; sourceTree = "<group>"; };
		595B08600B42C87DA056C066 /* Pods_KAppStoreFeedbackExample.framework */ = {isa = PBXFileReference; explicitFileType = wrapper.framework; includeInIndex = 0; path = Pods_KAppStoreFeedbackExample.framework; sourceTree = BUILT_PRODUCTS_DIR; };
		6461388EEF53C891BC98B5AB /* Pods-KAppStoreFeedbackExample.release.xcconfig */ = {isa = PBXFileReference; includeInIndex = 1; lastKnownFileType = text.xcconfig; name = "Pods-KAppStoreFeedbackExample.release.xcconfig"; path = "Pods/Target Support Files/Pods-KAppStoreFeedbackExample/Pods-KAppStoreFeedbackExample.release.xcconfig"; sourceTree = "<group>"; };
		921A264F41D0EC7232C33559 /* Pods-KAppStoreFeedbackExample.debug.xcconfig */ = {isa = PBXFileReference; includeInIndex = 1; lastKnownFileType = text.xcconfig; name = "Pods-KAppStoreFeedbackExample.debug.xcconfig"; path = "Pods/Target Support Files/Pods-KAppStoreFeedbackExample/Pods-KAppStoreFeedbackExample.debug.xcconfig"; sourceTree = "<group>"; };
/* End PBXFileReference section */

/* Begin PBXFrameworksBuildPhase section */
		42514CE720F5D5BF00C60894 /* Frameworks */ = {
			isa = PBXFrameworksBuildPhase;
			buildActionMask = 2147483647;
			files = (
				A5493B6232E9EB66779FC00D /* Pods_KAppStoreFeedbackExample.framework in Frameworks */,
			);
			runOnlyForDeploymentPostprocessing = 0;
		};
/* End PBXFrameworksBuildPhase section */

/* Begin PBXGroup section */
		0167DA42B7568DC77B31075A /* Frameworks */ = {
			isa = PBXGroup;
			children = (
				595B08600B42C87DA056C066 /* Pods_KAppStoreFeedbackExample.framework */,
			);
			name = Frameworks;
			sourceTree = "<group>";
		};
		2A5732CBF5E8B6324A98EBE5 /* Pods */ = {
			isa = PBXGroup;
			children = (
				921A264F41D0EC7232C33559 /* Pods-KAppStoreFeedbackExample.debug.xcconfig */,
				6461388EEF53C891BC98B5AB /* Pods-KAppStoreFeedbackExample.release.xcconfig */,
			);
			name = Pods;
			sourceTree = "<group>";
		};
		42514CE120F5D5BF00C60894 = {
			isa = PBXGroup;
			children = (
				42514CEC20F5D5BF00C60894 /* KAppStoreFeedbackExample */,
				42514CEB20F5D5BF00C60894 /* Products */,
				2A5732CBF5E8B6324A98EBE5 /* Pods */,
				0167DA42B7568DC77B31075A /* Frameworks */,
			);
			sourceTree = "<group>";
		};
		42514CEB20F5D5BF00C60894 /* Products */ = {
			isa = PBXGroup;
			children = (
				42514CEA20F5D5BF00C60894 /* KAppStoreFeedbackExample.app */,
			);
			name = Products;
			sourceTree = "<group>";
		};
		42514CEC20F5D5BF00C60894 /* KAppStoreFeedbackExample */ = {
			isa = PBXGroup;
			children = (
				42514CED20F5D5BF00C60894 /* AppDelegate.swift */,
				42514CEF20F5D5BF00C60894 /* ViewController.swift */,
				420B6D2820F88E8E00E178F5 /* colorPickerTableViewController.swift */,
				42E24F6F20F899EB00CE3EFF /* fontPickerTableViewController.swift */,
				42514CF120F5D5BF00C60894 /* Main.storyboard */,
				42514CF420F5D5C000C60894 /* Assets.xcassets */,
				42514CF620F5D5C000C60894 /* LaunchScreen.storyboard */,
				42514CF920F5D5C000C60894 /* Info.plist */,
			);
			path = KAppStoreFeedbackExample;
			sourceTree = "<group>";
		};
/* End PBXGroup section */

/* Begin PBXNativeTarget section */
		42514CE920F5D5BF00C60894 /* KAppStoreFeedbackExample */ = {
			isa = PBXNativeTarget;
			buildConfigurationList = 42514CFC20F5D5C000C60894 /* Build configuration list for PBXNativeTarget "KAppStoreFeedbackExample" */;
			buildPhases = (
				CDF7794657C73E1188E07B73 /* [CP] Check Pods Manifest.lock */,
				42514CE620F5D5BF00C60894 /* Sources */,
				42514CE720F5D5BF00C60894 /* Frameworks */,
				42514CE820F5D5BF00C60894 /* Resources */,
				14C4B74C6B4A5CE917A1BC75 /* [CP] Embed Pods Frameworks */,
			);
			buildRules = (
			);
			dependencies = (
			);
			name = KAppStoreFeedbackExample;
			productName = KAppStoreFeedbackExample;
			productReference = 42514CEA20F5D5BF00C60894 /* KAppStoreFeedbackExample.app */;
			productType = "com.apple.product-type.application";
		};
/* End PBXNativeTarget section */

/* Begin PBXProject section */
		42514CE220F5D5BF00C60894 /* Project object */ = {
			isa = PBXProject;
			attributes = {
				LastSwiftUpdateCheck = 0940;
				LastUpgradeCheck = 0940;
				ORGANIZATIONNAME = karanayyana;
				TargetAttributes = {
					42514CE920F5D5BF00C60894 = {
						CreatedOnToolsVersion = 9.4.1;
					};
				};
			};
			buildConfigurationList = 42514CE520F5D5BF00C60894 /* Build configuration list for PBXProject "KAppStoreFeedbackExample" */;
			compatibilityVersion = "Xcode 9.3";
			developmentRegion = en;
			hasScannedForEncodings = 0;
			knownRegions = (
				en,
				Base,
			);
			mainGroup = 42514CE120F5D5BF00C60894;
			productRefGroup = 42514CEB20F5D5BF00C60894 /* Products */;
			projectDirPath = "";
			projectRoot = "";
			targets = (
				42514CE920F5D5BF00C60894 /* KAppStoreFeedbackExample */,
			);
		};
/* End PBXProject section */

/* Begin PBXResourcesBuildPhase section */
		42514CE820F5D5BF00C60894 /* Resources */ = {
			isa = PBXResourcesBuildPhase;
			buildActionMask = 2147483647;
			files = (
				42514CF820F5D5C000C60894 /* LaunchScreen.storyboard in Resources */,
				42514CF520F5D5C000C60894 /* Assets.xcassets in Resources */,
				42514CF320F5D5BF00C60894 /* Main.storyboard in Resources */,
			);
			runOnlyForDeploymentPostprocessing = 0;
		};
/* End PBXResourcesBuildPhase section */

/* Begin PBXShellScriptBuildPhase section */
		14C4B74C6B4A5CE917A1BC75 /* [CP] Embed Pods Frameworks */ = {
			isa = PBXShellScriptBuildPhase;
			buildActionMask = 2147483647;
			files = (
			);
			inputPaths = (
				"${SRCROOT}/Pods/Target Support Files/Pods-KAppStoreFeedbackExample/Pods-KAppStoreFeedbackExample-frameworks.sh",
				"${BUILT_PRODUCTS_DIR}/KAppStoreFeedback/KAppStoreFeedback.framework",
			);
			name = "[CP] Embed Pods Frameworks";
			outputPaths = (
				"${TARGET_BUILD_DIR}/${FRAMEWORKS_FOLDER_PATH}/KAppStoreFeedback.framework",
			);
			runOnlyForDeploymentPostprocessing = 0;
			shellPath = /bin/sh;
			shellScript = "\"${SRCROOT}/Pods/Target Support Files/Pods-KAppStoreFeedbackExample/Pods-KAppStoreFeedbackExample-frameworks.sh\"\n";
			showEnvVarsInLog = 0;
		};
		CDF7794657C73E1188E07B73 /* [CP] Check Pods Manifest.lock */ = {
			isa = PBXShellScriptBuildPhase;
			buildActionMask = 2147483647;
			files = (
			);
			inputPaths = (
				"${PODS_PODFILE_DIR_PATH}/Podfile.lock",
				"${PODS_ROOT}/Manifest.lock",
			);
			name = "[CP] Check Pods Manifest.lock";
			outputPaths = (
				"$(DERIVED_FILE_DIR)/Pods-KAppStoreFeedbackExample-checkManifestLockResult.txt",
			);
			runOnlyForDeploymentPostprocessing = 0;
			shellPath = /bin/sh;
			shellScript = "diff \"${PODS_PODFILE_DIR_PATH}/Podfile.lock\" \"${PODS_ROOT}/Manifest.lock\" > /dev/null\nif [ $? != 0 ] ; then\n    # print error to STDERR\n    echo \"error: The sandbox is not in sync with the Podfile.lock. Run 'pod install' or update your CocoaPods installation.\" >&2\n    exit 1\nfi\n# This output is used by Xcode 'outputs' to avoid re-running this script phase.\necho \"SUCCESS\" > \"${SCRIPT_OUTPUT_FILE_0}\"\n";
			showEnvVarsInLog = 0;
		};
/* End PBXShellScriptBuildPhase section */

/* Begin PBXSourcesBuildPhase section */
		42514CE620F5D5BF00C60894 /* Sources */ = {
			isa = PBXSourcesBuildPhase;
			buildActionMask = 2147483647;
			files = (
				420B6D2920F88E8E00E178F5 /* colorPickerTableViewController.swift in Sources */,
				42514CF020F5D5BF00C60894 /* ViewController.swift in Sources */,
				42E24F7020F899EB00CE3EFF /* fontPickerTableViewController.swift in Sources */,
				42514CEE20F5D5BF00C60894 /* AppDelegate.swift in Sources */,
			);
			runOnlyForDeploymentPostprocessing = 0;
		};
/* End PBXSourcesBuildPhase section */

/* Begin PBXVariantGroup section */
		42514CF120F5D5BF00C60894 /* Main.storyboard */ = {
			isa = PBXVariantGroup;
			children = (
				42514CF220F5D5BF00C60894 /* Base */,
			);
			name = Main.storyboard;
			sourceTree = "<group>";
		};
		42514CF620F5D5C000C60894 /* LaunchScreen.storyboard */ = {
			isa = PBXVariantGroup;
			children = (
				42514CF720F5D5C000C60894 /* Base */,
			);
			name = LaunchScreen.storyboard;
			sourceTree = "<group>";
		};
/* End PBXVariantGroup section */

/* Begin XCBuildConfiguration section */
		42514CFA20F5D5C000C60894 /* Debug */ = {
			isa = XCBuildConfiguration;
			buildSettings = {
				ALWAYS_SEARCH_USER_PATHS = NO;
				CLANG_ANALYZER_NONNULL = YES;
				CLANG_ANALYZER_NUMBER_OBJECT_CONVERSION = YES_AGGRESSIVE;
				CLANG_CXX_LANGUAGE_STANDARD = "gnu++14";
				CLANG_CXX_LIBRARY = "libc++";
				CLANG_ENABLE_MODULES = YES;
				CLANG_ENABLE_OBJC_ARC = YES;
				CLANG_ENABLE_OBJC_WEAK = YES;
				CLANG_WARN_BLOCK_CAPTURE_AUTORELEASING = YES;
				CLANG_WARN_BOOL_CONVERSION = YES;
				CLANG_WARN_COMMA = YES;
				CLANG_WARN_CONSTANT_CONVERSION = YES;
				CLANG_WARN_DEPRECATED_OBJC_IMPLEMENTATIONS = YES;
				CLANG_WARN_DIRECT_OBJC_ISA_USAGE = YES_ERROR;
				CLANG_WARN_DOCUMENTATION_COMMENTS = YES;
				CLANG_WARN_EMPTY_BODY = YES;
				CLANG_WARN_ENUM_CONVERSION = YES;
				CLANG_WARN_INFINITE_RECURSION = YES;
				CLANG_WARN_INT_CONVERSION = YES;
				CLANG_WARN_NON_LITERAL_NULL_CONVERSION = YES;
				CLANG_WARN_OBJC_IMPLICIT_RETAIN_SELF = YES;
				CLANG_WARN_OBJC_LITERAL_CONVERSION = YES;
				CLANG_WARN_OBJC_ROOT_CLASS = YES_ERROR;
				CLANG_WARN_RANGE_LOOP_ANALYSIS = YES;
				CLANG_WARN_STRICT_PROTOTYPES = YES;
				CLANG_WARN_SUSPICIOUS_MOVE = YES;
				CLANG_WARN_UNGUARDED_AVAILABILITY = YES_AGGRESSIVE;
				CLANG_WARN_UNREACHABLE_CODE = YES;
				CLANG_WARN__DUPLICATE_METHOD_MATCH = YES;
				CODE_SIGN_IDENTITY = "iPhone Developer";
				COPY_PHASE_STRIP = NO;
				DEBUG_INFORMATION_FORMAT = dwarf;
				ENABLE_STRICT_OBJC_MSGSEND = YES;
				ENABLE_TESTABILITY = YES;
				GCC_C_LANGUAGE_STANDARD = gnu11;
				GCC_DYNAMIC_NO_PIC = NO;
				GCC_NO_COMMON_BLOCKS = YES;
				GCC_OPTIMIZATION_LEVEL = 0;
				GCC_PREPROCESSOR_DEFINITIONS = (
					"DEBUG=1",
					"$(inherited)",
				);
				GCC_WARN_64_TO_32_BIT_CONVERSION = YES;
				GCC_WARN_ABOUT_RETURN_TYPE = YES_ERROR;
				GCC_WARN_UNDECLARED_SELECTOR = YES;
				GCC_WARN_UNINITIALIZED_AUTOS = YES_AGGRESSIVE;
				GCC_WARN_UNUSED_FUNCTION = YES;
				GCC_WARN_UNUSED_VARIABLE = YES;
				IPHONEOS_DEPLOYMENT_TARGET = 11.4;
				MTL_ENABLE_DEBUG_INFO = YES;
				ONLY_ACTIVE_ARCH = YES;
				SDKROOT = iphoneos;
				SWIFT_ACTIVE_COMPILATION_CONDITIONS = DEBUG;
				SWIFT_OPTIMIZATION_LEVEL = "-Onone";
			};
			name = Debug;
		};
		42514CFB20F5D5C000C60894 /* Release */ = {
			isa = XCBuildConfiguration;
			buildSettings = {
				ALWAYS_SEARCH_USER_PATHS = NO;
				CLANG_ANALYZER_NONNULL = YES;
				CLANG_ANALYZER_NUMBER_OBJECT_CONVERSION = YES_AGGRESSIVE;
				CLANG_CXX_LANGUAGE_STANDARD = "gnu++14";
				CLANG_CXX_LIBRARY = "libc++";
				CLANG_ENABLE_MODULES = YES;
				CLANG_ENABLE_OBJC_ARC = YES;
				CLANG_ENABLE_OBJC_WEAK = YES;
				CLANG_WARN_BLOCK_CAPTURE_AUTORELEASING = YES;
				CLANG_WARN_BOOL_CONVERSION = YES;
				CLANG_WARN_COMMA = YES;
				CLANG_WARN_CONSTANT_CONVERSION = YES;
				CLANG_WARN_DEPRECATED_OBJC_IMPLEMENTATIONS = YES;
				CLANG_WARN_DIRECT_OBJC_ISA_USAGE = YES_ERROR;
				CLANG_WARN_DOCUMENTATION_COMMENTS = YES;
				CLANG_WARN_EMPTY_BODY = YES;
				CLANG_WARN_ENUM_CONVERSION = YES;
				CLANG_WARN_INFINITE_RECURSION = YES;
				CLANG_WARN_INT_CONVERSION = YES;
				CLANG_WARN_NON_LITERAL_NULL_CONVERSION = YES;
				CLANG_WARN_OBJC_IMPLICIT_RETAIN_SELF = YES;
				CLANG_WARN_OBJC_LITERAL_CONVERSION = YES;
				CLANG_WARN_OBJC_ROOT_CLASS = YES_ERROR;
				CLANG_WARN_RANGE_LOOP_ANALYSIS = YES;
				CLANG_WARN_STRICT_PROTOTYPES = YES;
				CLANG_WARN_SUSPICIOUS_MOVE = YES;
				CLANG_WARN_UNGUARDED_AVAILABILITY = YES_AGGRESSIVE;
				CLANG_WARN_UNREACHABLE_CODE = YES;
				CLANG_WARN__DUPLICATE_METHOD_MATCH = YES;
				CODE_SIGN_IDENTITY = "iPhone Developer";
				COPY_PHASE_STRIP = NO;
				DEBUG_INFORMATION_FORMAT = "dwarf-with-dsym";
				ENABLE_NS_ASSERTIONS = NO;
				ENABLE_STRICT_OBJC_MSGSEND = YES;
				GCC_C_LANGUAGE_STANDARD = gnu11;
				GCC_NO_COMMON_BLOCKS = YES;
				GCC_WARN_64_TO_32_BIT_CONVERSION = YES;
				GCC_WARN_ABOUT_RETURN_TYPE = YES_ERROR;
				GCC_WARN_UNDECLARED_SELECTOR = YES;
				GCC_WARN_UNINITIALIZED_AUTOS = YES_AGGRESSIVE;
				GCC_WARN_UNUSED_FUNCTION = YES;
				GCC_WARN_UNUSED_VARIABLE = YES;
				IPHONEOS_DEPLOYMENT_TARGET = 11.4;
				MTL_ENABLE_DEBUG_INFO = NO;
				SDKROOT = iphoneos;
				SWIFT_COMPILATION_MODE = wholemodule;
				SWIFT_OPTIMIZATION_LEVEL = "-O";
				VALIDATE_PRODUCT = YES;
			};
			name = Release;
		};
		42514CFD20F5D5C000C60894 /* Debug */ = {
			isa = XCBuildConfiguration;
			baseConfigurationReference = 921A264F41D0EC7232C33559 /* Pods-KAppStoreFeedbackExample.debug.xcconfig */;
			buildSettings = {
				ASSETCATALOG_COMPILER_APPICON_NAME = AppIcon;
				CODE_SIGN_STYLE = Automatic;
				DEVELOPMENT_TEAM = FF2P35WQ89;
				INFOPLIST_FILE = KAppStoreFeedbackExample/Info.plist;
				IPHONEOS_DEPLOYMENT_TARGET = 9.0;
				LD_RUNPATH_SEARCH_PATHS = (
					"$(inherited)",
					"@executable_path/Frameworks",
				);
				PRODUCT_BUNDLE_IDENTIFIER = com.karanayyana.KAppStoreFeedbackExample;
				PRODUCT_NAME = "$(TARGET_NAME)";
				SWIFT_VERSION = 4.0;
				TARGETED_DEVICE_FAMILY = "1,2";
			};
			name = Debug;
		};
		42514CFE20F5D5C000C60894 /* Release */ = {
			isa = XCBuildConfiguration;
			baseConfigurationReference = 6461388EEF53C891BC98B5AB /* Pods-KAppStoreFeedbackExample.release.xcconfig */;
			buildSettings = {
				ASSETCATALOG_COMPILER_APPICON_NAME = AppIcon;
				CODE_SIGN_STYLE = Automatic;
				DEVELOPMENT_TEAM = FF2P35WQ89;
				INFOPLIST_FILE = KAppStoreFeedbackExample/Info.plist;
				IPHONEOS_DEPLOYMENT_TARGET = 9.0;
				LD_RUNPATH_SEARCH_PATHS = (
					"$(inherited)",
					"@executable_path/Frameworks",
				);
				PRODUCT_BUNDLE_IDENTIFIER = com.karanayyana.KAppStoreFeedbackExample;
				PRODUCT_NAME = "$(TARGET_NAME)";
				SWIFT_VERSION = 4.0;
				TARGETED_DEVICE_FAMILY = "1,2";
			};
			name = Release;
		};
/* End XCBuildConfiguration section */

/* Begin XCConfigurationList section */
		42514CE520F5D5BF00C60894 /* Build configuration list for PBXProject "KAppStoreFeedbackExample" */ = {
			isa = XCConfigurationList;
			buildConfigurations = (
				42514CFA20F5D5C000C60894 /* Debug */,
				42514CFB20F5D5C000C60894 /* Release */,
			);
			defaultConfigurationIsVisible = 0;
			defaultConfigurationName = Release;
		};
		42514CFC20F5D5C000C60894 /* Build configuration list for PBXNativeTarget "KAppStoreFeedbackExample" */ = {
			isa = XCConfigurationList;
			buildConfigurations = (
				42514CFD20F5D5C000C60894 /* Debug */,
				42514CFE20F5D5C000C60894 /* Release */,
			);
			defaultConfigurationIsVisible = 0;
			defaultConfigurationName = Release;
		};
/* End XCConfigurationList section */
	};
	rootObject = 42514CE220F5D5BF00C60894 /* Project object */;
}
